PODS:
  - atlantis-proxyman (1.12.0)
  - SwiftFormat/CLI (0.49.3)

DEPENDENCIES:
  - atlantis-proxyman (= 1.12.0)
  - SwiftFormat/CLI (= 0.49.3)

SPEC REPOS:
  https://github.com/CocoaPods/Specs.git:
    - atlantis-proxyman
    - SwiftFormat

SPEC CHECKSUMS:
  atlantis-proxyman: 5e0d2214eb04c9646e4426c170248918c76815a9
  SwiftFormat: a3b79e8b5f8ecdec7a716b998aee230d08512894

PODFILE CHECKSUM: bbf037a20631f1d368341ec5ddee249efcde323f

COCOAPODS: 1.11.3
